{
  "name": "metelism",
  "version": "1.0.0",
  "lockfileVersion": 1,
  "requires": true,
  "dependencies": {
    "leaflet": {
      "version": "0.7.7",
      "resolved": "https://registry.npmjs.org/leaflet/-/leaflet-0.7.7.tgz",
      "integrity": "sha1-HjUrpU5j0HZFH6NjyQCJDLLPde4="
    },
    "leaflet-map": {
      "version": "0.2.1",
      "resolved": "https://registry.npmjs.org/leaflet-map/-/leaflet-map-0.2.1.tgz",
      "integrity": "sha1-6xn6j6FOh7p7+OXYCnvOLMxEjSA=",
      "requires": {
        "leaflet": "^0.7.3"
      }
    }
  }
}
